
Microsoft Visual Studio Solution File, Format Version 12.00
# Visual Studio Version 16
VisualStudioVersion = 16.0.30320.27
MinimumVisualStudioVersion = 10.0.40219.1
Project("{FAE04EC0-301F-11D3-BF4B-00C04F79EFBC}") = "Lab01", "Lab01\Lab01.csproj", "{77E7F560-A16C-4F20-953B-4ADC10D3D59C}"
EndProject
Project("{FAE04EC0-301F-11D3-BF4B-00C04F79EFBC}") = "Lab03", "Lab03\Lab03.csproj", "{9A52A57D-4466-4D23-9261-77A52BDB8FCE}"
EndProject
Project("{FAE04EC0-301F-11D3-BF4B-00C04F79EFBC}") = "Lab02", "Lab02\Lab02.csproj", "{9BD5D5F1-5F96-40D5-A814-DA58294495BA}"
EndProject
Project("{FAE04EC0-301F-11D3-BF4B-00C04F79EFBC}") = "Lab04", "Lab04\Lab04.csproj", "{27621D21-1D3B-49E3-840C-7B764F64D633}"
EndProject
Project("{FAE04EC0-301F-11D3-BF4B-00C04F79EFBC}") = "Lab04WebApp", "Lab04WebApp\Lab04WebApp.csproj", "{B77EB914-3BA6-49DF-B045-D8C1343D5C3C}"
EndProject
Project("{9A19103F-16F7-4668-BE54-9A1E7A4F7556}") = "Lab05", "Lab05\Lab05.csproj", "{084ECF50-792B-448F-B70D-2BCAA1E057F0}"
EndProject
Project("{9A19103F-16F7-4668-BE54-9A1E7A4F7556}") = "Lab06", "Lab06\Lab06.csproj", "{1A162917-A10D-4164-B8B0-19EDB51FA8DF}"
EndProject
Project("{9A19103F-16F7-4668-BE54-9A1E7A4F7556}") = "Lab07", "Lab07\Lab07.csproj", "{68E71B53-E8E0-474C-9E4D-8B0CBCE91433}"
EndProject
Project("{9A19103F-16F7-4668-BE54-9A1E7A4F7556}") = "Lab08", "Lab08\Lab08.csproj", "{88237FBC-C38B-48D1-87DC-E6DB927A959D}"
EndProject
Project("{9A19103F-16F7-4668-BE54-9A1E7A4F7556}") = "Lab8", "Lab8\Lab8.csproj", "{E314DDE4-1D86-4639-99EC-78557F4934E2}"
EndProject
Project("{9A19103F-16F7-4668-BE54-9A1E7A4F7556}") = "Lab09", "Lab09\Lab09.csproj", "{00D119ED-940D-4AF5-8808-FEED8D9E1A3D}"
EndProject
Project("{9A19103F-16F7-4668-BE54-9A1E7A4F7556}") = "Homework1", "Homework1\Homework1.csproj", "{6DEAF57A-ED9F-46B1-A541-ED13EEB43754}"
EndProject
Project("{9A19103F-16F7-4668-BE54-9A1E7A4F7556}") = "Homework2", "Homework2\Homework2.csproj", "{3FE3A517-5349-40B7-9986-D7210D255121}"
EndProject
Project("{9A19103F-16F7-4668-BE54-9A1E7A4F7556}") = "Lab10-Demo", "Lab10\Lab10-Demo.csproj", "{B14CC11F-613C-42A1-8DB0-25B54868211F}"
EndProject
Project("{9A19103F-16F7-4668-BE54-9A1E7A4F7556}") = "Lab10", "..\Lab10\Lab10.csproj", "{6F334AB0-95C9-459D-8F88-942D640E7E0F}"
EndProject
Project("{9A19103F-16F7-4668-BE54-9A1E7A4F7556}") = "Homework3", "Homework3\Homework3.csproj", "{547C1CF8-B47A-45B9-8EE8-E9FC73547A37}"
EndProject
Project("{9A19103F-16F7-4668-BE54-9A1E7A4F7556}") = "Core3", "..\computer\Core3.csproj", "{68E12785-51BC-48E1-9C5C-6D298E73B12E}"
EndProject
Project("{9A19103F-16F7-4668-BE54-9A1E7A4F7556}") = "Lab5", "..\Lab5\Lab5.csproj", "{16BB6B42-70CE-450A-B8B2-3AFD0A39D8F7}"
EndProject
Project("{FAE04EC0-301F-11D3-BF4B-00C04F79EFBC}") = "Student1218312", "Student1218312\Student1218312.csproj", "{0C730FB3-DCFA-4BCD-BF25-46085FC871D1}"
EndProject
Global
	GlobalSection(SolutionConfigurationPlatforms) = preSolution
		Debug|Any CPU = Debug|Any CPU
		Release|Any CPU = Release|Any CPU
	EndGlobalSection
	GlobalSection(ProjectConfigurationPlatforms) = postSolution
		{77E7F560-A16C-4F20-953B-4ADC10D3D59C}.Debug|Any CPU.ActiveCfg = Debug|Any CPU
		{77E7F560-A16C-4F20-953B-4ADC10D3D59C}.Debug|Any CPU.Build.0 = Debug|Any CPU
		{77E7F560-A16C-4F20-953B-4ADC10D3D59C}.Release|Any CPU.ActiveCfg = Release|Any CPU
		{77E7F560-A16C-4F20-953B-4ADC10D3D59C}.Release|Any CPU.Build.0 = Release|Any CPU
		{9A52A57D-4466-4D23-9261-77A52BDB8FCE}.Debug|Any CPU.ActiveCfg = Debug|Any CPU
		{9A52A57D-4466-4D23-9261-77A52BDB8FCE}.Debug|Any CPU.Build.0 = Debug|Any CPU
		{9A52A57D-4466-4D23-9261-77A52BDB8FCE}.Release|Any CPU.ActiveCfg = Release|Any CPU
		{9A52A57D-4466-4D23-9261-77A52BDB8FCE}.Release|Any CPU.Build.0 = Release|Any CPU
		{9BD5D5F1-5F96-40D5-A814-DA58294495BA}.Debug|Any CPU.ActiveCfg = Debug|Any CPU
		{9BD5D5F1-5F96-40D5-A814-DA58294495BA}.Debug|Any CPU.Build.0 = Debug|Any CPU
		{9BD5D5F1-5F96-40D5-A814-DA58294495BA}.Release|Any CPU.ActiveCfg = Release|Any CPU
		{9BD5D5F1-5F96-40D5-A814-DA58294495BA}.Release|Any CPU.Build.0 = Release|Any CPU
		{27621D21-1D3B-49E3-840C-7B764F64D633}.Debug|Any CPU.ActiveCfg = Debug|Any CPU
		{27621D21-1D3B-49E3-840C-7B764F64D633}.Debug|Any CPU.Build.0 = Debug|Any CPU
		{27621D21-1D3B-49E3-840C-7B764F64D633}.Release|Any CPU.ActiveCfg = Release|Any CPU
		{27621D21-1D3B-49E3-840C-7B764F64D633}.Release|Any CPU.Build.0 = Release|Any CPU
		{B77EB914-3BA6-49DF-B045-D8C1343D5C3C}.Debug|Any CPU.ActiveCfg = Debug|Any CPU
		{B77EB914-3BA6-49DF-B045-D8C1343D5C3C}.Debug|Any CPU.Build.0 = Debug|Any CPU
		{B77EB914-3BA6-49DF-B045-D8C1343D5C3C}.Release|Any CPU.ActiveCfg = Release|Any CPU
		{B77EB914-3BA6-49DF-B045-D8C1343D5C3C}.Release|Any CPU.Build.0 = Release|Any CPU
		{084ECF50-792B-448F-B70D-2BCAA1E057F0}.Debug|Any CPU.ActiveCfg = Debug|Any CPU
		{084ECF50-792B-448F-B70D-2BCAA1E057F0}.Debug|Any CPU.Build.0 = Debug|Any CPU
		{084ECF50-792B-448F-B70D-2BCAA1E057F0}.Release|Any CPU.ActiveCfg = Release|Any CPU
		{084ECF50-792B-448F-B70D-2BCAA1E057F0}.Release|Any CPU.Build.0 = Release|Any CPU
		{1A162917-A10D-4164-B8B0-19EDB51FA8DF}.Debug|Any CPU.ActiveCfg = Debug|Any CPU
		{1A162917-A10D-4164-B8B0-19EDB51FA8DF}.Debug|Any CPU.Build.0 = Debug|Any CPU
		{1A162917-A10D-4164-B8B0-19EDB51FA8DF}.Release|Any CPU.ActiveCfg = Release|Any CPU
		{1A162917-A10D-4164-B8B0-19EDB51FA8DF}.Release|Any CPU.Build.0 = Release|Any CPU
		{68E71B53-E8E0-474C-9E4D-8B0CBCE91433}.Debug|Any CPU.ActiveCfg = Debug|Any CPU
		{68E71B53-E8E0-474C-9E4D-8B0CBCE91433}.Debug|Any CPU.Build.0 = Debug|Any CPU
		{68E71B53-E8E0-474C-9E4D-8B0CBCE91433}.Release|Any CPU.ActiveCfg = Release|Any CPU
		{68E71B53-E8E0-474C-9E4D-8B0CBCE91433}.Release|Any CPU.Build.0 = Release|Any CPU
		{88237FBC-C38B-48D1-87DC-E6DB927A959D}.Debug|Any CPU.ActiveCfg = Debug|Any CPU
		{88237FBC-C38B-48D1-87DC-E6DB927A959D}.Debug|Any CPU.Build.0 = Debug|Any CPU
		{88237FBC-C38B-48D1-87DC-E6DB927A959D}.Release|Any CPU.ActiveCfg = Release|Any CPU
		{88237FBC-C38B-48D1-87DC-E6DB927A959D}.Release|Any CPU.Build.0 = Release|Any CPU
		{E314DDE4-1D86-4639-99EC-78557F4934E2}.Debug|Any CPU.ActiveCfg = Debug|Any CPU
		{E314DDE4-1D86-4639-99EC-78557F4934E2}.Debug|Any CPU.Build.0 = Debug|Any CPU
		{E314DDE4-1D86-4639-99EC-78557F4934E2}.Release|Any CPU.ActiveCfg = Release|Any CPU
		{E314DDE4-1D86-4639-99EC-78557F4934E2}.Release|Any CPU.Build.0 = Release|Any CPU
		{00D119ED-940D-4AF5-8808-FEED8D9E1A3D}.Debug|Any CPU.ActiveCfg = Debug|Any CPU
		{00D119ED-940D-4AF5-8808-FEED8D9E1A3D}.Debug|Any CPU.Build.0 = Debug|Any CPU
		{00D119ED-940D-4AF5-8808-FEED8D9E1A3D}.Release|Any CPU.ActiveCfg = Release|Any CPU
		{00D119ED-940D-4AF5-8808-FEED8D9E1A3D}.Release|Any CPU.Build.0 = Release|Any CPU
		{6DEAF57A-ED9F-46B1-A541-ED13EEB43754}.Debug|Any CPU.ActiveCfg = Debug|Any CPU
		{6DEAF57A-ED9F-46B1-A541-ED13EEB43754}.Debug|Any CPU.Build.0 = Debug|Any CPU
		{6DEAF57A-ED9F-46B1-A541-ED13EEB43754}.Release|Any CPU.ActiveCfg = Release|Any CPU
		{6DEAF57A-ED9F-46B1-A541-ED13EEB43754}.Release|Any CPU.Build.0 = Release|Any CPU
		{3FE3A517-5349-40B7-9986-D7210D255121}.Debug|Any CPU.ActiveCfg = Debug|Any CPU
		{3FE3A517-5349-40B7-9986-D7210D255121}.Debug|Any CPU.Build.0 = Debug|Any CPU
		{3FE3A517-5349-40B7-9986-D7210D255121}.Release|Any CPU.ActiveCfg = Release|Any CPU
		{3FE3A517-5349-40B7-9986-D7210D255121}.Release|Any CPU.Build.0 = Release|Any CPU
		{B14CC11F-613C-42A1-8DB0-25B54868211F}.Debug|Any CPU.ActiveCfg = Debug|Any CPU
		{B14CC11F-613C-42A1-8DB0-25B54868211F}.Debug|Any CPU.Build.0 = Debug|Any CPU
		{B14CC11F-613C-42A1-8DB0-25B54868211F}.Release|Any CPU.ActiveCfg = Release|Any CPU
		{B14CC11F-613C-42A1-8DB0-25B54868211F}.Release|Any CPU.Build.0 = Release|Any CPU
		{6F334AB0-95C9-459D-8F88-942D640E7E0F}.Debug|Any CPU.ActiveCfg = Debug|Any CPU
		{6F334AB0-95C9-459D-8F88-942D640E7E0F}.Debug|Any CPU.Build.0 = Debug|Any CPU
		{6F334AB0-95C9-459D-8F88-942D640E7E0F}.Release|Any CPU.ActiveCfg = Release|Any CPU
		{6F334AB0-95C9-459D-8F88-942D640E7E0F}.Release|Any CPU.Build.0 = Release|Any CPU
		{547C1CF8-B47A-45B9-8EE8-E9FC73547A37}.Debug|Any CPU.ActiveCfg = Debug|Any CPU
		{547C1CF8-B47A-45B9-8EE8-E9FC73547A37}.Debug|Any CPU.Build.0 = Debug|Any CPU
		{547C1CF8-B47A-45B9-8EE8-E9FC73547A37}.Release|Any CPU.ActiveCfg = Release|Any CPU
		{547C1CF8-B47A-45B9-8EE8-E9FC73547A37}.Release|Any CPU.Build.0 = Release|Any CPU
		{68E12785-51BC-48E1-9C5C-6D298E73B12E}.Debug|Any CPU.ActiveCfg = Debug|Any CPU
		{68E12785-51BC-48E1-9C5C-6D298E73B12E}.Debug|Any CPU.Build.0 = Debug|Any CPU
		{68E12785-51BC-48E1-9C5C-6D298E73B12E}.Release|Any CPU.ActiveCfg = Release|Any CPU
		{68E12785-51BC-48E1-9C5C-6D298E73B12E}.Release|Any CPU.Build.0 = Release|Any CPU
		{16BB6B42-70CE-450A-B8B2-3AFD0A39D8F7}.Debug|Any CPU.ActiveCfg = Debug|Any CPU
		{16BB6B42-70CE-450A-B8B2-3AFD0A39D8F7}.Debug|Any CPU.Build.0 = Debug|Any CPU
		{16BB6B42-70CE-450A-B8B2-3AFD0A39D8F7}.Release|Any CPU.ActiveCfg = Release|Any CPU
		{16BB6B42-70CE-450A-B8B2-3AFD0A39D8F7}.Release|Any CPU.Build.0 = Release|Any CPU
		{0C730FB3-DCFA-4BCD-BF25-46085FC871D1}.Debug|Any CPU.ActiveCfg = Debug|Any CPU
		{0C730FB3-DCFA-4BCD-BF25-46085FC871D1}.Debug|Any CPU.Build.0 = Debug|Any CPU
		{0C730FB3-DCFA-4BCD-BF25-46085FC871D1}.Release|Any CPU.ActiveCfg = Release|Any CPU
		{0C730FB3-DCFA-4BCD-BF25-46085FC871D1}.Release|Any CPU.Build.0 = Release|Any CPU
	EndGlobalSection
	GlobalSection(SolutionProperties) = preSolution
		HideSolutionNode = FALSE
	EndGlobalSection
	GlobalSection(ExtensibilityGlobals) = postSolution
		SolutionGuid = {8CC09E75-5C25-4507-986A-25C626F27BB9}
	EndGlobalSection
EndGlobal
